
Microsoft Visual Studio Solution File, Format Version 12.00
# Visual Studio Version 17
VisualStudioVersion = 17.3.32825.248
MinimumVisualStudioVersion = 10.0.40219.1
Project("{FAE04EC0-301F-11D3-BF4B-00C04F79EFBC}") = "Sample Code To Create Dynamic Class", "Sample Code To Create Dynamic Class.csproj", "{0667C375-339F-4F24-B714-B4D289E435FA}"
EndProject
Global
	GlobalSection(SolutionConfigurationPlatforms) = preSolution
		Debug|Any CPU = Debug|Any CPU
		Release|Any CPU = Release|Any CPU
	EndGlobalSection
	GlobalSection(ProjectConfigurationPlatforms) = postSolution
		{0667C375-339F-4F24-B714-B4D289E435FA}.Debug|Any CPU.ActiveCfg = Debug|Any CPU
		{0667C375-339F-4F24-B714-B4D289E435FA}.Debug|Any CPU.Build.0 = Debug|Any CPU
		{0667C375-339F-4F24-B714-B4D289E435FA}.Release|Any CPU.ActiveCfg = Release|Any CPU
		{0667C375-339F-4F24-B714-B4D289E435FA}.Release|Any CPU.Build.0 = Release|Any CPU
	EndGlobalSection
	GlobalSection(SolutionProperties) = preSolution
		HideSolutionNode = FALSE
	EndGlobalSection
	GlobalSection(ExtensibilityGlobals) = postSolution
		SolutionGuid = {CED40E86-800A-431C-BF89-3CC50E0FDC54}
	EndGlobalSection
EndGlobal
